Microsoft Visual Studio Solution File, Format Version 12.00
# Visual Studio Version 17
VisualStudioVersion = 17.0.31903.59
MinimumVisualStudioVersion = 10.0.40219.1
Project("{9A19103F-16F7-4668-BE54-9A1E7A4F7556}") = "Tyflocentrum.Windows.App", "src\Tyflocentrum.Windows.App\Tyflocentrum.Windows.App.csproj", "{725108D5-0197-4531-8625-B5981A7401BF}"
EndProject
Project("{9A19103F-16F7-4668-BE54-9A1E7A4F7556}") = "Tyflocentrum.Windows.UI", "src\Tyflocentrum.Windows.UI\Tyflocentrum.Windows.UI.csproj", "{48AFD8D8-08CE-4EEA-8550-B90C17C5CE67}"
EndProject
Project("{9A19103F-16F7-4668-BE54-9A1E7A4F7556}") = "Tyflocentrum.Windows.Domain", "src\Tyflocentrum.Windows.Domain\Tyflocentrum.Windows.Domain.csproj", "{B31FA814-9869-44BD-9626-48F234CBED0F}"
EndProject
Project("{9A19103F-16F7-4668-BE54-9A1E7A4F7556}") = "Tyflocentrum.Windows.Infrastructure", "src\Tyflocentrum.Windows.Infrastructure\Tyflocentrum.Windows.Infrastructure.csproj", "{E6BF94DD-BF32-4B93-9035-6E7F62AA38E2}"
EndProject
Project("{9A19103F-16F7-4668-BE54-9A1E7A4F7556}") = "Tyflocentrum.Windows.Tests", "tests\Tyflocentrum.Windows.Tests\Tyflocentrum.Windows.Tests.csproj", "{6DA38451-B9E0-4B6A-827B-AEFA18AF9664}"
EndProject
Project("{9A19103F-16F7-4668-BE54-9A1E7A4F7556}") = "Tyflocentrum.Windows.UITests", "tests\Tyflocentrum.Windows.UITests\Tyflocentrum.Windows.UITests.csproj", "{6A609575-6948-42B8-80CF-0A77F3664261}"
EndProject
Global
	GlobalSection(SolutionConfigurationPlatforms) = preSolution
		Debug|x64 = Debug|x64
		Debug|ARM64 = Debug|ARM64
		Release|x64 = Release|x64
		Release|ARM64 = Release|ARM64
	EndGlobalSection
	GlobalSection(ProjectConfigurationPlatforms) = postSolution
		{725108D5-0197-4531-8625-B5981A7401BF}.Debug|x64.ActiveCfg = Debug|x64
		{725108D5-0197-4531-8625-B5981A7401BF}.Debug|x64.Build.0 = Debug|x64
		{725108D5-0197-4531-8625-B5981A7401BF}.Debug|ARM64.ActiveCfg = Debug|ARM64
		{725108D5-0197-4531-8625-B5981A7401BF}.Debug|ARM64.Build.0 = Debug|ARM64
		{725108D5-0197-4531-8625-B5981A7401BF}.Release|x64.ActiveCfg = Release|x64
		{725108D5-0197-4531-8625-B5981A7401BF}.Release|x64.Build.0 = Release|x64
		{725108D5-0197-4531-8625-B5981A7401BF}.Release|ARM64.ActiveCfg = Release|ARM64
		{725108D5-0197-4531-8625-B5981A7401BF}.Release|ARM64.Build.0 = Release|ARM64

		{48AFD8D8-08CE-4EEA-8550-B90C17C5CE67}.Debug|x64.ActiveCfg = Debug|Any CPU
		{48AFD8D8-08CE-4EEA-8550-B90C17C5CE67}.Debug|x64.Build.0 = Debug|Any CPU
		{48AFD8D8-08CE-4EEA-8550-B90C17C5CE67}.Debug|ARM64.ActiveCfg = Debug|Any CPU
		{48AFD8D8-08CE-4EEA-8550-B90C17C5CE67}.Debug|ARM64.Build.0 = Debug|Any CPU
		{48AFD8D8-08CE-4EEA-8550-B90C17C5CE67}.Release|x64.ActiveCfg = Release|Any CPU
		{48AFD8D8-08CE-4EEA-8550-B90C17C5CE67}.Release|x64.Build.0 = Release|Any CPU
		{48AFD8D8-08CE-4EEA-8550-B90C17C5CE67}.Release|ARM64.ActiveCfg = Release|Any CPU
		{48AFD8D8-08CE-4EEA-8550-B90C17C5CE67}.Release|ARM64.Build.0 = Release|Any CPU

		{B31FA814-9869-44BD-9626-48F234CBED0F}.Debug|x64.ActiveCfg = Debug|Any CPU
		{B31FA814-9869-44BD-9626-48F234CBED0F}.Debug|x64.Build.0 = Debug|Any CPU
		{B31FA814-9869-44BD-9626-48F234CBED0F}.Debug|ARM64.ActiveCfg = Debug|Any CPU
		{B31FA814-9869-44BD-9626-48F234CBED0F}.Debug|ARM64.Build.0 = Debug|Any CPU
		{B31FA814-9869-44BD-9626-48F234CBED0F}.Release|x64.ActiveCfg = Release|Any CPU
		{B31FA814-9869-44BD-9626-48F234CBED0F}.Release|x64.Build.0 = Release|Any CPU
		{B31FA814-9869-44BD-9626-48F234CBED0F}.Release|ARM64.ActiveCfg = Release|Any CPU
		{B31FA814-9869-44BD-9626-48F234CBED0F}.Release|ARM64.Build.0 = Release|Any CPU

		{E6BF94DD-BF32-4B93-9035-6E7F62AA38E2}.Debug|x64.ActiveCfg = Debug|Any CPU
		{E6BF94DD-BF32-4B93-9035-6E7F62AA38E2}.Debug|x64.Build.0 = Debug|Any CPU
		{E6BF94DD-BF32-4B93-9035-6E7F62AA38E2}.Debug|ARM64.ActiveCfg = Debug|Any CPU
		{E6BF94DD-BF32-4B93-9035-6E7F62AA38E2}.Debug|ARM64.Build.0 = Debug|Any CPU
		{E6BF94DD-BF32-4B93-9035-6E7F62AA38E2}.Release|x64.ActiveCfg = Release|Any CPU
		{E6BF94DD-BF32-4B93-9035-6E7F62AA38E2}.Release|x64.Build.0 = Release|Any CPU
		{E6BF94DD-BF32-4B93-9035-6E7F62AA38E2}.Release|ARM64.ActiveCfg = Release|Any CPU
		{E6BF94DD-BF32-4B93-9035-6E7F62AA38E2}.Release|ARM64.Build.0 = Release|Any CPU

		{6DA38451-B9E0-4B6A-827B-AEFA18AF9664}.Debug|x64.ActiveCfg = Debug|Any CPU
		{6DA38451-B9E0-4B6A-827B-AEFA18AF9664}.Debug|x64.Build.0 = Debug|Any CPU
		{6DA38451-B9E0-4B6A-827B-AEFA18AF9664}.Debug|ARM64.ActiveCfg = Debug|Any CPU
		{6DA38451-B9E0-4B6A-827B-AEFA18AF9664}.Debug|ARM64.Build.0 = Debug|Any CPU
		{6DA38451-B9E0-4B6A-827B-AEFA18AF9664}.Release|x64.ActiveCfg = Release|Any CPU
		{6DA38451-B9E0-4B6A-827B-AEFA18AF9664}.Release|x64.Build.0 = Release|Any CPU
		{6DA38451-B9E0-4B6A-827B-AEFA18AF9664}.Release|ARM64.ActiveCfg = Release|Any CPU
		{6DA38451-B9E0-4B6A-827B-AEFA18AF9664}.Release|ARM64.Build.0 = Release|Any CPU

		{6A609575-6948-42B8-80CF-0A77F3664261}.Debug|x64.ActiveCfg = Debug|Any CPU
		{6A609575-6948-42B8-80CF-0A77F3664261}.Debug|x64.Build.0 = Debug|Any CPU
		{6A609575-6948-42B8-80CF-0A77F3664261}.Debug|ARM64.ActiveCfg = Debug|Any CPU
		{6A609575-6948-42B8-80CF-0A77F3664261}.Debug|ARM64.Build.0 = Debug|Any CPU
		{6A609575-6948-42B8-80CF-0A77F3664261}.Release|x64.ActiveCfg = Release|Any CPU
		{6A609575-6948-42B8-80CF-0A77F3664261}.Release|x64.Build.0 = Release|Any CPU
		{6A609575-6948-42B8-80CF-0A77F3664261}.Release|ARM64.ActiveCfg = Release|Any CPU
		{6A609575-6948-42B8-80CF-0A77F3664261}.Release|ARM64.Build.0 = Release|Any CPU
	EndGlobalSection
	GlobalSection(SolutionProperties) = preSolution
		HideSolutionNode = FALSE
	EndGlobalSection
EndGlobal
